
Microsoft Visual Studio Solution File, Format Version 12.00
# Visual Studio Version 17
VisualStudioVersion = 17.11.35208.52
MinimumVisualStudioVersion = 10.0.40219.1
Project("{FAE04EC0-301F-11D3-BF4B-00C04F79EFBC}") = "WearAndTear", "WearAndTear\WearAndTear.csproj", "{840D523F-CF3B-404F-A11E-B56DC6A75717}"
EndProject
Project("{FAE04EC0-301F-11D3-BF4B-00C04F79EFBC}") = "CakeBuild", "ZZCakeBuild\CakeBuild.csproj", "{9AB14A75-B7B9-4383-82E7-11367F4429A0}"
EndProject
Global
	GlobalSection(SolutionConfigurationPlatforms) = preSolution
		Debug|Any CPU = Debug|Any CPU
		Release|Any CPU = Release|Any CPU
	EndGlobalSection
	GlobalSection(ProjectConfigurationPlatforms) = postSolution
		{840D523F-CF3B-404F-A11E-B56DC6A75717}.Debug|Any CPU.ActiveCfg = Debug|Any CPU
		{840D523F-CF3B-404F-A11E-B56DC6A75717}.Debug|Any CPU.Build.0 = Debug|Any CPU
		{840D523F-CF3B-404F-A11E-B56DC6A75717}.Release|Any CPU.ActiveCfg = Release|Any CPU
		{840D523F-CF3B-404F-A11E-B56DC6A75717}.Release|Any CPU.Build.0 = Release|Any CPU
		{9AB14A75-B7B9-4383-82E7-11367F4429A0}.Debug|Any CPU.ActiveCfg = Debug|Any CPU
		{9AB14A75-B7B9-4383-82E7-11367F4429A0}.Debug|Any CPU.Build.0 = Debug|Any CPU
		{9AB14A75-B7B9-4383-82E7-11367F4429A0}.Release|Any CPU.ActiveCfg = Release|Any CPU
		{9AB14A75-B7B9-4383-82E7-11367F4429A0}.Release|Any CPU.Build.0 = Release|Any CPU
	EndGlobalSection
	GlobalSection(SolutionProperties) = preSolution
		HideSolutionNode = FALSE
	EndGlobalSection
	GlobalSection(ExtensibilityGlobals) = postSolution
		SolutionGuid = {8A2BFF99-2170-481B-ADF6-E5CC36B0289B}
	EndGlobalSection
EndGlobal
